<?xml version="1.0" encoding="utf-8"?>
<Project ToolsVersion="4.0" xmlns="http://schemas.microsoft.com/developer/msbuild/2003">
  <ItemGroup>
    <Filter Include="Header Files">
      <UniqueIdentifier>{93995380-89BD-4b04-88EB-625FBE52EBFB}</UniqueIdentifier>
      <Extensions>h;hh;hpp;hxx;h++;hm;inl;inc;ipp;xsd</Extensions>
    </Filter>
    <Filter Include="Resource Files">
      <UniqueIdentifier>{67DA6AB6-F800-4c08-8B7A-83BB121AAD01}</UniqueIdentifier>
      <Extensions>rc;ico;cur;bmp;dlg;rc2;rct;bin;rgs;gif;jpg;jpeg;jpe;resx;tiff;tif;png;wav;mfcribbon-ms</Extensions>
    </Filter>
    <Filter Include="Source Files">
      <UniqueIdentifier>{4FC737F1-C7A5-4376-A066-2A32D752A2FF}</UniqueIdentifier>
      <Extensions>cpp;c;cc;cxx;c++;cppm;ixx;def;odl;idl;hpj;bat;asm;asmx</Extensions>
    </Filter>
    <Filter Include="Links">
      <UniqueIdentifier>{0a134980-ce04-4af8-b023-0c85a81aeb0c}</UniqueIdentifier>
    </Filter>
    <Filter Include="Links\Objects">
      <UniqueIdentifier>{84a1d734-1a71-4e8d-a8cc-6bae2d21804e}</UniqueIdentifier>
    </Filter>
    <Filter Include="Resource Files\Graphics">
      <UniqueIdentifier>{86431583-7d4a-4650-af69-e4c95c5aa66e}</UniqueIdentifier>
    </Filter>
    <Filter Include="Resource Files\Graphics\Geometries">
      <UniqueIdentifier>{61e13b3a-e93d-4229-96f8-735fa0a00aa8}</UniqueIdentifier>
    </Filter>
    <Filter Include="Header Files\Graphics">
      <UniqueIdentifier>{608bc6e1-5c6b-4cb6-a990-28246854af99}</UniqueIdentifier>
    </Filter>
    <Filter Include="Header Files\Graphics\Geometries">
      <UniqueIdentifier>{38f9c0ac-0ca8-4277-9dd8-a381af0741b2}</UniqueIdentifier>
    </Filter>
    <Filter Include="Resource Files\Graphics\Objects">
      <UniqueIdentifier>{cf1f3d84-41aa-4f1d-aa56-f32d881a622d}</UniqueIdentifier>
    </Filter>
    <Filter Include="Header Files\Graphics\Objects">
      <UniqueIdentifier>{d9dbad13-72f7-4c55-8d49-8bcdf4283ea7}</UniqueIdentifier>
    </Filter>
    <Filter Include="Resource Files\Input">
      <UniqueIdentifier>{2547eacd-bda7-4202-9daa-d0ffc3d3ca9f}</UniqueIdentifier>
    </Filter>
    <Filter Include="Header Files\Input">
      <UniqueIdentifier>{0bcee00e-eba6-4e3e-adb7-9d077877a9c5}</UniqueIdentifier>
    </Filter>
  </ItemGroup>
  <ItemGroup>
    <ClCompile Include="initializationTools.cpp">
      <Filter>Resource Files</Filter>
    </ClCompile>
    <ClCompile Include="shaderCompiling.cpp">
      <Filter>Resource Files</Filter>
    </ClCompile>
    <ClCompile Include="window.cpp">
      <Filter>Resource Files</Filter>
    </ClCompile>
    <ClCompile Include="include\glad\glad.c">
      <Filter>Source Files</Filter>
    </ClCompile>
    <ClCompile Include="main.cpp">
      <Filter>Source Files</Filter>
    </ClCompile>
    <ClCompile Include="rectangle.cpp">
      <Filter>Resource Files\Graphics\Geometries</Filter>
    </ClCompile>
    <ClCompile Include="mesh.cpp">
      <Filter>Resource Files\Graphics\Geometries</Filter>
    </ClCompile>
    <ClCompile Include="model.cpp">
      <Filter>Resource Files\Graphics\Geometries</Filter>
    </ClCompile>
    <ClCompile Include="camera.cpp">
      <Filter>Resource Files\Graphics</Filter>
    </ClCompile>
    <ClCompile Include="color.cpp">
      <Filter>Resource Files\Graphics\Objects</Filter>
    </ClCompile>
    <ClCompile Include="drawable.cpp">
      <Filter>Resource Files\Graphics\Objects</Filter>
    </ClCompile>
    <ClCompile Include="texture2D.cpp">
      <Filter>Resource Files\Graphics\Objects</Filter>
    </ClCompile>
    <ClCompile Include="transform.cpp">
      <Filter>Resource Files\Graphics\Objects</Filter>
    </ClCompile>
    <ClCompile Include="scene.cpp">
      <Filter>Resource Files\Graphics</Filter>
    </ClCompile>
    <ClCompile Include="Input.cpp">
      <Filter>Resource Files\Input</Filter>
    </ClCompile>
    <ClCompile Include="renderer.cpp">
      <Filter>Resource Files\Graphics</Filter>
    </ClCompile>
    <ClCompile Include="graphics.cpp">
      <Filter>Resource Files\Graphics</Filter>
    </ClCompile>
    <ClCompile Include="graphicsObject.cpp">
      <Filter>Resource Files\Graphics\Objects</Filter>
    </ClCompile>
    <ClCompile Include="Cube.cpp">
      <Filter>Resource Files\Graphics\Geometries</Filter>
    </ClCompile>
  </ItemGroup>
  <ItemGroup>
    <ClInclude Include="initializationTools.h">
      <Filter>Header Files</Filter>
    </ClInclude>
    <ClInclude Include="shaderCompiling.h">
      <Filter>Header Files</Filter>
    </ClInclude>
    <ClInclude Include="window.h">
      <Filter>Header Files</Filter>
    </ClInclude>
    <ClInclude Include="single-file-libs\stb_image.h">
      <Filter>Source Files</Filter>
    </ClInclude>
    <ClInclude Include="windowLink.h">
      <Filter>Links</Filter>
    </ClInclude>
    <ClInclude Include="cameraLink.h">
      <Filter>Links</Filter>
    </ClInclude>
    <ClInclude Include="rectangleLink.h">
      <Filter>Links\Objects</Filter>
    </ClInclude>
    <ClInclude Include="cubeLink.h">
      <Filter>Links\Objects</Filter>
    </ClInclude>
    <ClInclude Include="transformLink.h">
      <Filter>Links</Filter>
    </ClInclude>
    <ClInclude Include="drawableLink.h">
      <Filter>Links</Filter>
    </ClInclude>
    <ClInclude Include="texture2DLink.h">
      <Filter>Links</Filter>
    </ClInclude>
    <ClInclude Include="modelLink.h">
      <Filter>Links\Objects</Filter>
    </ClInclude>
    <ClInclude Include="sceneLink.h">
      <Filter>Links</Filter>
    </ClInclude>
    <ClInclude Include="quaternion.h">
      <Filter>Header Files</Filter>
    </ClInclude>
    <ClInclude Include="mesh.h">
      <Filter>Header Files\Graphics\Geometries</Filter>
    </ClInclude>
    <ClInclude Include="model.h">
      <Filter>Header Files\Graphics\Geometries</Filter>
    </ClInclude>
    <ClInclude Include="rectangle.h">
      <Filter>Header Files\Graphics\Geometries</Filter>
    </ClInclude>
    <ClInclude Include="vertex.h">
      <Filter>Header Files\Graphics</Filter>
    </ClInclude>
    <ClInclude Include="camera.h">
      <Filter>Header Files\Graphics</Filter>
    </ClInclude>
    <ClInclude Include="drawable.h">
      <Filter>Header Files\Graphics\Objects</Filter>
    </ClInclude>
    <ClInclude Include="texture2D.h">
      <Filter>Header Files\Graphics\Objects</Filter>
    </ClInclude>
    <ClInclude Include="color.h">
      <Filter>Header Files\Graphics\Objects</Filter>
    </ClInclude>
    <ClInclude Include="transform.h">
      <Filter>Header Files\Graphics\Objects</Filter>
    </ClInclude>
    <ClInclude Include="scene.h">
      <Filter>Header Files\Graphics</Filter>
    </ClInclude>
    <ClInclude Include="vector3.h">
      <Filter>Header Files</Filter>
    </ClInclude>
    <ClInclude Include="vector2.h">
      <Filter>Header Files</Filter>
    </ClInclude>
    <ClInclude Include="Input.h">
      <Filter>Header Files\Input</Filter>
    </ClInclude>
    <ClInclude Include="KeyCode.h">
      <Filter>Header Files\Input</Filter>
    </ClInclude>
    <ClInclude Include="KeyStatus.h">
      <Filter>Header Files\Input</Filter>
    </ClInclude>
    <ClInclude Include="MouseKeyCode.h">
      <Filter>Header Files\Input</Filter>
    </ClInclude>
    <ClInclude Include="graphics.h">
      <Filter>Header Files\Graphics</Filter>
    </ClInclude>
    <ClInclude Include="renderer.h">
      <Filter>Header Files\Graphics</Filter>
    </ClInclude>
    <ClInclude Include="geometry.h">
      <Filter>Header Files\Graphics\Objects</Filter>
    </ClInclude>
    <ClInclude Include="graphicsObject.h">
      <Filter>Header Files\Graphics\Objects</Filter>
    </ClInclude>
    <ClInclude Include="Geometries.h">
      <Filter>Header Files\Graphics\Geometries</Filter>
    </ClInclude>
  </ItemGroup>
</Project>