<?xml version="1.0" encoding="utf-8"?>
<Project ToolsVersion="4.0" xmlns="http://schemas.microsoft.com/developer/msbuild/2003">
  <ItemGroup>
    <Filter Include="Header Files">
      <UniqueIdentifier>{93995380-89BD-4b04-88EB-625FBE52EBFB}</UniqueIdentifier>
      <Extensions>h;hh;hpp;hxx;h++;hm;inl;inc;ipp;xsd</Extensions>
    </Filter>
    <Filter Include="Header Files\Objects">
      <UniqueIdentifier>{608bc6e1-5c6b-4cb6-a990-28246854af99}</UniqueIdentifier>
    </Filter>
    <Filter Include="Resource Files">
      <UniqueIdentifier>{67DA6AB6-F800-4c08-8B7A-83BB121AAD01}</UniqueIdentifier>
      <Extensions>rc;ico;cur;bmp;dlg;rc2;rct;bin;rgs;gif;jpg;jpeg;jpe;resx;tiff;tif;png;wav;mfcribbon-ms</Extensions>
    </Filter>
    <Filter Include="Resource Files\Objects">
      <UniqueIdentifier>{86431583-7d4a-4650-af69-e4c95c5aa66e}</UniqueIdentifier>
    </Filter>
    <Filter Include="Source Files">
      <UniqueIdentifier>{4FC737F1-C7A5-4376-A066-2A32D752A2FF}</UniqueIdentifier>
      <Extensions>cpp;c;cc;cxx;c++;cppm;ixx;def;odl;idl;hpj;bat;asm;asmx</Extensions>
    </Filter>
    <Filter Include="Links">
      <UniqueIdentifier>{0a134980-ce04-4af8-b023-0c85a81aeb0c}</UniqueIdentifier>
    </Filter>
    <Filter Include="Links\Objects">
      <UniqueIdentifier>{84a1d734-1a71-4e8d-a8cc-6bae2d21804e}</UniqueIdentifier>
    </Filter>
    <Filter Include="Links\Objects\2D">
      <UniqueIdentifier>{fa036650-eb36-4d26-bfce-f9943c49714c}</UniqueIdentifier>
    </Filter>
  </ItemGroup>
  <ItemGroup>
    <ClCompile Include="initializationTools.cpp">
      <Filter>Resource Files</Filter>
    </ClCompile>
    <ClCompile Include="shaderCompiling.cpp">
      <Filter>Resource Files</Filter>
    </ClCompile>
    <ClCompile Include="window.cpp">
      <Filter>Resource Files</Filter>
    </ClCompile>
    <ClCompile Include="rectangle.cpp">
      <Filter>Resource Files\Objects</Filter>
    </ClCompile>
    <ClCompile Include="drawable.cpp">
      <Filter>Resource Files</Filter>
    </ClCompile>
    <ClCompile Include="color.cpp">
      <Filter>Resource Files</Filter>
    </ClCompile>
    <ClCompile Include="texture2D.cpp">
      <Filter>Resource Files</Filter>
    </ClCompile>
    <ClCompile Include="transform.cpp">
      <Filter>Resource Files</Filter>
    </ClCompile>
    <ClCompile Include="cube.cpp">
      <Filter>Resource Files\Objects</Filter>
    </ClCompile>
    <ClCompile Include="camera.cpp">
      <Filter>Resource Files</Filter>
    </ClCompile>
    <ClCompile Include="include\glad\glad.c">
      <Filter>Source Files</Filter>
    </ClCompile>
    <ClCompile Include="main.cpp">
      <Filter>Source Files</Filter>
    </ClCompile>
  </ItemGroup>
  <ItemGroup>
    <ClInclude Include="initializationTools.h">
      <Filter>Header Files</Filter>
    </ClInclude>
    <ClInclude Include="shaderCompiling.h">
      <Filter>Header Files</Filter>
    </ClInclude>
    <ClInclude Include="drawable.h">
      <Filter>Header Files</Filter>
    </ClInclude>
    <ClInclude Include="vector3.h">
      <Filter>Header Files</Filter>
    </ClInclude>
    <ClInclude Include="window.h">
      <Filter>Header Files</Filter>
    </ClInclude>
    <ClInclude Include="rectangleLink.h">
      <Filter>Links\Objects\2D</Filter>
    </ClInclude>
    <ClInclude Include="color.h">
      <Filter>Header Files</Filter>
    </ClInclude>
    <ClInclude Include="rectangle.h">
      <Filter>Header Files\Objects</Filter>
    </ClInclude>
    <ClInclude Include="texture2D.h">
      <Filter>Header Files</Filter>
    </ClInclude>
    <ClInclude Include="single-file-libs\stb_image.h">
      <Filter>Source Files</Filter>
    </ClInclude>
    <ClInclude Include="transform.h">
      <Filter>Header Files</Filter>
    </ClInclude>
    <ClInclude Include="cube.h">
      <Filter>Header Files\Objects</Filter>
    </ClInclude>
    <ClInclude Include="camera.h">
      <Filter>Header Files</Filter>
    </ClInclude>
    <ClInclude Include="colorLink.h">
      <Filter>Links</Filter>
    </ClInclude>
    <ClInclude Include="windowLink.h">
      <Filter>Links</Filter>
    </ClInclude>
  </ItemGroup>
</Project>